// !$*UTF8*$!
{
	archiveVersion = 1;
	classes = {
	};
	objectVersion = 46;
	objects = {

/* Begin PBXBuildFile section */
		C9BAD15C192BE802001EB54D /* Foundation.framework in Frameworks */ = {isa = PBXBuildFile; fileRef = C9BAD15B192BE802001EB54D /* Foundation.framework */; };
		C9BAD15E192BE802001EB54D /* CoreGraphics.framework in Frameworks */ = {isa = PBXBuildFile; fileRef = C9BAD15D192BE802001EB54D /* CoreGraphics.framework */; };
		C9BAD160192BE802001EB54D /* UIKit.framework in Frameworks */ = {isa = PBXBuildFile; fileRef = C9BAD15F192BE802001EB54D /* UIKit.framework */; };
		C9BAD166192BE802001EB54D /* InfoPlist.strings in Resources */ = {isa = PBXBuildFile; fileRef = C9BAD164192BE802001EB54D /* InfoPlist.strings */; };
		C9BAD168192BE802001EB54D /* main.m in Sources */ = {isa = PBXBuildFile; fileRef = C9BAD167192BE802001EB54D /* main.m */; };
		C9BAD16C192BE802001EB54D /* mvAppDelegate.m in Sources */ = {isa = PBXBuildFile; fileRef = C9BAD16B192BE802001EB54D /* mvAppDelegate.m */; };
		C9BAD16F192BE802001EB54D /* Main.storyboard in Resources */ = {isa = PBXBuildFile; fileRef = C9BAD16D192BE802001EB54D /* Main.storyboard */; };
		C9BAD172192BE802001EB54D /* mvViewController.m in Sources */ = {isa = PBXBuildFile; fileRef = C9BAD171192BE802001EB54D /* mvViewController.m */; };
		C9BAD174192BE803001EB54D /* Images.xcassets in Resources */ = {isa = PBXBuildFile; fileRef = C9BAD173192BE803001EB54D /* Images.xcassets */; };
		C9BAD17B192BE803001EB54D /* XCTest.framework in Frameworks */ = {isa = PBXBuildFile; fileRef = C9BAD17A192BE803001EB54D /* XCTest.framework */; };
		C9BAD17C192BE803001EB54D /* Foundation.framework in Frameworks */ = {isa = PBXBuildFile; fileRef = C9BAD15B192BE802001EB54D /* Foundation.framework */; };
		C9BAD17D192BE803001EB54D /* UIKit.framework in Frameworks */ = {isa = PBXBuildFile; fileRef = C9BAD15F192BE802001EB54D /* UIKit.framework */; };
		C9BAD185192BE803001EB54D /* InfoPlist.strings in Resources */ = {isa = PBXBuildFile; fileRef = C9BAD183192BE803001EB54D /* InfoPlist.strings */; };
		C9BAD187192BE803001EB54D /* QuickSortTests.m in Sources */ = {isa = PBXBuildFile; fileRef = C9BAD186192BE803001EB54D /* QuickSortTests.m */; };
/* End PBXBuildFile section */

/* Begin PBXContainerItemProxy section */
		C9BAD17E192BE803001EB54D /* PBXContainerItemProxy */ = {
			isa = PBXContainerItemProxy;
			containerPortal = C9BAD150192BE802001EB54D /* Project object */;
			proxyType = 1;
			remoteGlobalIDString = C9BAD157192BE802001EB54D;
			remoteInfo = QuickSort;
		};
/* End PBXContainerItemProxy section */

/* Begin PBXFileReference section */
		C9BAD158192BE802001EB54D /* QuickSort.app */ = {isa = PBXFileReference; explicitFileType = wrapper.application; includeInIndex = 0; path = QuickSort.app; sourceTree = BUILT_PRODUCTS_DIR; };
		C9BAD15B192BE802001EB54D /* Foundation.framework */ = {isa = PBXFileReference; lastKnownFileType = wrapper.framework; name = Foundation.framework; path = System/Library/Frameworks/Foundation.framework; sourceTree = SDKROOT; };
		C9BAD15D192BE802001EB54D /* CoreGraphics.framework */ = {isa = PBXFileReference; lastKnownFileType = wrapper.framework; name = CoreGraphics.framework; path = System/Library/Frameworks/CoreGraphics.framework; sourceTree = SDKROOT; };
		C9BAD15F192BE802001EB54D /* UIKit.framework */ = {isa = PBXFileReference; lastKnownFileType = wrapper.framework; name = UIKit.framework; path = System/Library/Frameworks/UIKit.framework; sourceTree = SDKROOT; };
		C9BAD163192BE802001EB54D /* QuickSort-Info.plist */ = {isa = PBXFileReference; lastKnownFileType = text.plist.xml; path = "QuickSort-Info.plist"; sourceTree = "<group>"; };
		C9BAD165192BE802001EB54D /* en */ = {isa = PBXFileReference; lastKnownFileType = text.plist.strings; name = en; path = en.lproj/InfoPlist.strings; sourceTree = "<group>"; };
		C9BAD167192BE802001EB54D /* main.m */ = {isa = PBXFileReference; lastKnownFileType = sourcecode.c.objc; path = main.m; sourceTree = "<group>"; };
		C9BAD169192BE802001EB54D /* QuickSort-Prefix.pch */ = {isa = PBXFileReference; lastKnownFileType = sourcecode.c.h; path = "QuickSort-Prefix.pch"; sourceTree = "<group>"; };
		C9BAD16A192BE802001EB54D /* mvAppDelegate.h */ = {isa = PBXFileReference; lastKnownFileType = sourcecode.c.h; path = mvAppDelegate.h; sourceTree = "<group>"; };
		C9BAD16B192BE802001EB54D /* mvAppDelegate.m */ = {isa = PBXFileReference; lastKnownFileType = sourcecode.c.objc; path = mvAppDelegate.m; sourceTree = "<group>"; };
		C9BAD16E192BE802001EB54D /* Base */ = {isa = PBXFileReference; lastKnownFileType = file.storyboard; name = Base; path = Base.lproj/Main.storyboard; sourceTree = "<group>"; };
		C9BAD170192BE802001EB54D /* mvViewController.h */ = {isa = PBXFileReference; lastKnownFileType = sourcecode.c.h; path = mvViewController.h; sourceTree = "<group>"; };
		C9BAD171192BE802001EB54D /* mvViewController.m */ = {isa = PBXFileReference; lastKnownFileType = sourcecode.c.objc; path = mvViewController.m; sourceTree = "<group>"; };
		C9BAD173192BE803001EB54D /* Images.xcassets */ = {isa = PBXFileReference; lastKnownFileType = folder.assetcatalog; path = Images.xcassets; sourceTree = "<group>"; };
		C9BAD179192BE803001EB54D /* QuickSortTests.xctest */ = {isa = PBXFileReference; explicitFileType = wrapper.cfbundle; includeInIndex = 0; path = QuickSortTests.xctest; sourceTree = BUILT_PRODUCTS_DIR; };
		C9BAD17A192BE803001EB54D /* XCTest.framework */ = {isa = PBXFileReference; lastKnownFileType = wrapper.framework; name = XCTest.framework; path = Library/Frameworks/XCTest.framework; sourceTree = DEVELOPER_DIR; };
		C9BAD182192BE803001EB54D /* QuickSortTests-Info.plist */ = {isa = PBXFileReference; lastKnownFileType = text.plist.xml; path = "QuickSortTests-Info.plist"; sourceTree = "<group>"; };
		C9BAD184192BE803001EB54D /* en */ = {isa = PBXFileReference; lastKnownFileType = text.plist.strings; name = en; path = en.lproj/InfoPlist.strings; sourceTree = "<group>"; };
		C9BAD186192BE803001EB54D /* QuickSortTests.m */ = {isa = PBXFileReference; lastKnownFileType = sourcecode.c.objc; path = QuickSortTests.m; sourceTree = "<group>"; };
/* End PBXFileReference section */

/* Begin PBXFrameworksBuildPhase section */
		C9BAD155192BE802001EB54D /* Frameworks */ = {
			isa = PBXFrameworksBuildPhase;
			buildActionMask = 2147483647;
			files = (
				C9BAD15E192BE802001EB54D /* CoreGraphics.framework in Frameworks */,
				C9BAD160192BE802001EB54D /* UIKit.framework in Frameworks */,
				C9BAD15C192BE802001EB54D /* Foundation.framework in Frameworks */,
			);
			runOnlyForDeploymentPostprocessing = 0;
		};
		C9BAD176192BE803001EB54D /* Frameworks */ = {
			isa = PBXFrameworksBuildPhase;
			buildActionMask = 2147483647;
			files = (
				C9BAD17B192BE803001EB54D /* XCTest.framework in Frameworks */,
				C9BAD17D192BE803001EB54D /* UIKit.framework in Frameworks */,
				C9BAD17C192BE803001EB54D /* Foundation.framework in Frameworks */,
			);
			runOnlyForDeploymentPostprocessing = 0;
		};
/* End PBXFrameworksBuildPhase section */

/* Begin PBXGroup section */
		C9BAD14F192BE802001EB54D = {
			isa = PBXGroup;
			children = (
				C9BAD161192BE802001EB54D /* QuickSort */,
				C9BAD180192BE803001EB54D /* QuickSortTests */,
				C9BAD15A192BE802001EB54D /* Frameworks */,
				C9BAD159192BE802001EB54D /* Products */,
			);
			sourceTree = "<group>";
		};
		C9BAD159192BE802001EB54D /* Products */ = {
			isa = PBXGroup;
			children = (
				C9BAD158192BE802001EB54D /* QuickSort.app */,
				C9BAD179192BE803001EB54D /* QuickSortTests.xctest */,
			);
			name = Products;
			sourceTree = "<group>";
		};
		C9BAD15A192BE802001EB54D /* Frameworks */ = {
			isa = PBXGroup;
			children = (
				C9BAD15B192BE802001EB54D /* Foundation.framework */,
				C9BAD15D192BE802001EB54D /* CoreGraphics.framework */,
				C9BAD15F192BE802001EB54D /* UIKit.framework */,
				C9BAD17A192BE803001EB54D /* XCTest.framework */,
			);
			name = Frameworks;
			sourceTree = "<group>";
		};
		C9BAD161192BE802001EB54D /* QuickSort */ = {
			isa = PBXGroup;
			children = (
				C9BAD16A192BE802001EB54D /* mvAppDelegate.h */,
				C9BAD16B192BE802001EB54D /* mvAppDelegate.m */,
				C9BAD16D192BE802001EB54D /* Main.storyboard */,
				C9BAD170192BE802001EB54D /* mvViewController.h */,
				C9BAD171192BE802001EB54D /* mvViewController.m */,
				C9BAD173192BE803001EB54D /* Images.xcassets */,
				C9BAD162192BE802001EB54D /* Supporting Files */,
			);
			path = QuickSort;
			sourceTree = "<group>";
		};
		C9BAD162192BE802001EB54D /* Supporting Files */ = {
			isa = PBXGroup;
			children = (
				C9BAD163192BE802001EB54D /* QuickSort-Info.plist */,
				C9BAD164192BE802001EB54D /* InfoPlist.strings */,
				C9BAD167192BE802001EB54D /* main.m */,
				C9BAD169192BE802001EB54D /* QuickSort-Prefix.pch */,
			);
			name = "Supporting Files";
			sourceTree = "<group>";
		};
		C9BAD180192BE803001EB54D /* QuickSortTests */ = {
			isa = PBXGroup;
			children = (
				C9BAD186192BE803001EB54D /* QuickSortTests.m */,
				C9BAD181192BE803001EB54D /* Supporting Files */,
			);
			path = QuickSortTests;
			sourceTree = "<group>";
		};
		C9BAD181192BE803001EB54D /* Supporting Files */ = {
			isa = PBXGroup;
			children = (
				C9BAD182192BE803001EB54D /* QuickSortTests-Info.plist */,
				C9BAD183192BE803001EB54D /* InfoPlist.strings */,
			);
			name = "Supporting Files";
			sourceTree = "<group>";
		};
/* End PBXGroup section */

/* Begin PBXNativeTarget section */
		C9BAD157192BE802001EB54D /* QuickSort */ = {
			isa = PBXNativeTarget;
			buildConfigurationList = C9BAD18A192BE803001EB54D /* Build configuration list for PBXNativeTarget "QuickSort" */;
			buildPhases = (
				C9BAD154192BE802001EB54D /* Sources */,
				C9BAD155192BE802001EB54D /* Frameworks */,
				C9BAD156192BE802001EB54D /* Resources */,
			);
			buildRules = (
			);
			dependencies = (
			);
			name = QuickSort;
			productName = QuickSort;
			productReference = C9BAD158192BE802001EB54D /* QuickSort.app */;
			productType = "com.apple.product-type.application";
		};
		C9BAD178192BE803001EB54D /* QuickSortTests */ = {
			isa = PBXNativeTarget;
			buildConfigurationList = C9BAD18D192BE803001EB54D /* Build configuration list for PBXNativeTarget "QuickSortTests" */;
			buildPhases = (
				C9BAD175192BE803001EB54D /* Sources */,
				C9BAD176192BE803001EB54D /* Frameworks */,
				C9BAD177192BE803001EB54D /* Resources */,
			);
			buildRules = (
			);
			dependencies = (
				C9BAD17F192BE803001EB54D /* PBXTargetDependency */,
			);
			name = QuickSortTests;
			productName = QuickSortTests;
			productReference = C9BAD179192BE803001EB54D /* QuickSortTests.xctest */;
			productType = "com.apple.product-type.bundle.unit-test";
		};
/* End PBXNativeTarget section */

/* Begin PBXProject section */
		C9BAD150192BE802001EB54D /* Project object */ = {
			isa = PBXProject;
			attributes = {
				CLASSPREFIX = mv;
				LastUpgradeCheck = 0510;
				ORGANIZATIONNAME = matt;
				TargetAttributes = {
					C9BAD178192BE803001EB54D = {
						TestTargetID = C9BAD157192BE802001EB54D;
					};
				};
			};
			buildConfigurationList = C9BAD153192BE802001EB54D /* Build configuration list for PBXProject "QuickSort" */;
			compatibilityVersion = "Xcode 3.2";
			developmentRegion = English;
			hasScannedForEncodings = 0;
			knownRegions = (
				en,
				Base,
			);
			mainGroup = C9BAD14F192BE802001EB54D;
			productRefGroup = C9BAD159192BE802001EB54D /* Products */;
			projectDirPath = "";
			projectRoot = "";
			targets = (
				C9BAD157192BE802001EB54D /* QuickSort */,
				C9BAD178192BE803001EB54D /* QuickSortTests */,
			);
		};
/* End PBXProject section */

/* Begin PBXResourcesBuildPhase section */
		C9BAD156192BE802001EB54D /* Resources */ = {
			isa = PBXResourcesBuildPhase;
			buildActionMask = 2147483647;
			files = (
				C9BAD174192BE803001EB54D /* Images.xcassets in Resources */,
				C9BAD166192BE802001EB54D /* InfoPlist.strings in Resources */,
				C9BAD16F192BE802001EB54D /* Main.storyboard in Resources */,
			);
			runOnlyForDeploymentPostprocessing = 0;
		};
		C9BAD177192BE803001EB54D /* Resources */ = {
			isa = PBXResourcesBuildPhase;
			buildActionMask = 2147483647;
			files = (
				C9BAD185192BE803001EB54D /* InfoPlist.strings in Resources */,
			);
			runOnlyForDeploymentPostprocessing = 0;
		};
/* End PBXResourcesBuildPhase section */

/* Begin PBXSourcesBuildPhase section */
		C9BAD154192BE802001EB54D /* Sources */ = {
			isa = PBXSourcesBuildPhase;
			buildActionMask = 2147483647;
			files = (
				C9BAD172192BE802001EB54D /* mvViewController.m in Sources */,
				C9BAD168192BE802001EB54D /* main.m in Sources */,
				C9BAD16C192BE802001EB54D /* mvAppDelegate.m in Sources */,
			);
			runOnlyForDeploymentPostprocessing = 0;
		};
		C9BAD175192BE803001EB54D /* Sources */ = {
			isa = PBXSourcesBuildPhase;
			buildActionMask = 2147483647;
			files = (
				C9BAD187192BE803001EB54D /* QuickSortTests.m in Sources */,
			);
			runOnlyForDeploymentPostprocessing = 0;
		};
/* End PBXSourcesBuildPhase section */

/* Begin PBXTargetDependency section */
		C9BAD17F192BE803001EB54D /* PBXTargetDependency */ = {
			isa = PBXTargetDependency;
			target = C9BAD157192BE802001EB54D /* QuickSort */;
			targetProxy = C9BAD17E192BE803001EB54D /* PBXContainerItemProxy */;
		};
/* End PBXTargetDependency section */

/* Begin PBXVariantGroup section */
		C9BAD164192BE802001EB54D /* InfoPlist.strings */ = {
			isa = PBXVariantGroup;
			children = (
				C9BAD165192BE802001EB54D /* en */,
			);
			name = InfoPlist.strings;
			sourceTree = "<group>";
		};
		C9BAD16D192BE802001EB54D /* Main.storyboard */ = {
			isa = PBXVariantGroup;
			children = (
				C9BAD16E192BE802001EB54D /* Base */,
			);
			name = Main.storyboard;
			sourceTree = "<group>";
		};
		C9BAD183192BE803001EB54D /* InfoPlist.strings */ = {
			isa = PBXVariantGroup;
			children = (
				C9BAD184192BE803001EB54D /* en */,
			);
			name = InfoPlist.strings;
			sourceTree = "<group>";
		};
/* End PBXVariantGroup section */

/* Begin XCBuildConfiguration section */
		C9BAD188192BE803001EB54D /* Debug */ = {
			isa = XCBuildConfiguration;
			buildSettings = {
				ALWAYS_SEARCH_USER_PATHS = NO;
				CLANG_CXX_LANGUAGE_STANDARD = "gnu++0x";
				CLANG_CXX_LIBRARY = "libc++";
				CLANG_ENABLE_MODULES = YES;
				CLANG_ENABLE_OBJC_ARC = YES;
				CLANG_WARN_BOOL_CONVERSION = YES;
				CLANG_WARN_CONSTANT_CONVERSION = YES;
				CLANG_WARN_DIRECT_OBJC_ISA_USAGE = YES_ERROR;
				CLANG_WARN_EMPTY_BODY = YES;
				CLANG_WARN_ENUM_CONVERSION = YES;
				CLANG_WARN_INT_CONVERSION = YES;
				CLANG_WARN_OBJC_ROOT_CLASS = YES_ERROR;
				CLANG_WARN__DUPLICATE_METHOD_MATCH = YES;
				"CODE_SIGN_IDENTITY[sdk=iphoneos*]" = "iPhone Developer";
				COPY_PHASE_STRIP = NO;
				GCC_C_LANGUAGE_STANDARD = gnu99;
				GCC_DYNAMIC_NO_PIC = NO;
				GCC_OPTIMIZATION_LEVEL = 0;
				GCC_PREPROCESSOR_DEFINITIONS = (
					"DEBUG=1",
					"$(inherited)",
				);
				GCC_SYMBOLS_PRIVATE_EXTERN = NO;
				GCC_WARN_64_TO_32_BIT_CONVERSION = YES;
				GCC_WARN_ABOUT_RETURN_TYPE = YES_ERROR;
				GCC_WARN_UNDECLARED_SELECTOR = YES;
				GCC_WARN_UNINITIALIZED_AUTOS = YES_AGGRESSIVE;
				GCC_WARN_UNUSED_FUNCTION = YES;
				GCC_WARN_UNUSED_VARIABLE = YES;
				IPHONEOS_DEPLOYMENT_TARGET = 7.1;
				ONLY_ACTIVE_ARCH = YES;
				SDKROOT = iphoneos;
			};
			name = Debug;
		};
		C9BAD189192BE803001EB54D /* Release */ = {
			isa = XCBuildConfiguration;
			buildSettings = {
				ALWAYS_SEARCH_USER_PATHS = NO;
				CLANG_CXX_LANGUAGE_STANDARD = "gnu++0x";
				CLANG_CXX_LIBRARY = "libc++";
				CLANG_ENABLE_MODULES = YES;
				CLANG_ENABLE_OBJC_ARC = YES;
				CLANG_WARN_BOOL_CONVERSION = YES;
				CLANG_WARN_CONSTANT_CONVERSION = YES;
				CLANG_WARN_DIRECT_OBJC_ISA_USAGE = YES_ERROR;
				CLANG_WARN_EMPTY_BODY = YES;
				CLANG_WARN_ENUM_CONVERSION = YES;
				CLANG_WARN_INT_CONVERSION = YES;
				CLANG_WARN_OBJC_ROOT_CLASS = YES_ERROR;
				CLANG_WARN__DUPLICATE_METHOD_MATCH = YES;
				"CODE_SIGN_IDENTITY[sdk=iphoneos*]" = "iPhone Developer";
				COPY_PHASE_STRIP = YES;
				ENABLE_NS_ASSERTIONS = NO;
				GCC_C_LANGUAGE_STANDARD = gnu99;
				GCC_WARN_64_TO_32_BIT_CONVERSION = YES;
				GCC_WARN_ABOUT_RETURN_TYPE = YES_ERROR;
				GCC_WARN_UNDECLARED_SELECTOR = YES;
				GCC_WARN_UNINITIALIZED_AUTOS = YES_AGGRESSIVE;
				GCC_WARN_UNUSED_FUNCTION = YES;
				GCC_WARN_UNUSED_VARIABLE = YES;
				IPHONEOS_DEPLOYMENT_TARGET = 7.1;
				SDKROOT = iphoneos;
				VALIDATE_PRODUCT = YES;
			};
			name = Release;
		};
		C9BAD18B192BE803001EB54D /* Debug */ = {
			isa = XCBuildConfiguration;
			buildSettings = {
				ASSETCATALOG_COMPILER_APPICON_NAME = AppIcon;
				ASSETCATALOG_COMPILER_LAUNCHIMAGE_NAME = LaunchImage;
				GCC_PRECOMPILE_PREFIX_HEADER = YES;
				GCC_PREFIX_HEADER = "QuickSort/QuickSort-Prefix.pch";
				INFOPLIST_FILE = "QuickSort/QuickSort-Info.plist";
				PRODUCT_NAME = "$(TARGET_NAME)";
				WRAPPER_EXTENSION = app;
			};
			name = Debug;
		};
		C9BAD18C192BE803001EB54D /* Release */ = {
			isa = XCBuildConfiguration;
			buildSettings = {
				ASSETCATALOG_COMPILER_APPICON_NAME = AppIcon;
				ASSETCATALOG_COMPILER_LAUNCHIMAGE_NAME = LaunchImage;
				GCC_PRECOMPILE_PREFIX_HEADER = YES;
				GCC_PREFIX_HEADER = "QuickSort/QuickSort-Prefix.pch";
				INFOPLIST_FILE = "QuickSort/QuickSort-Info.plist";
				PRODUCT_NAME = "$(TARGET_NAME)";
				WRAPPER_EXTENSION = app;
			};
			name = Release;
		};
		C9BAD18E192BE803001EB54D /* Debug */ = {
			isa = XCBuildConfiguration;
			buildSettings = {
				BUNDLE_LOADER = "$(BUILT_PRODUCTS_DIR)/QuickSort.app/QuickSort";
				FRAMEWORK_SEARCH_PATHS = (
					"$(SDKROOT)/Developer/Library/Frameworks",
					"$(inherited)",
					"$(DEVELOPER_FRAMEWORKS_DIR)",
				);
				GCC_PRECOMPILE_PREFIX_HEADER = YES;
				GCC_PREFIX_HEADER = "QuickSort/QuickSort-Prefix.pch";
				GCC_PREPROCESSOR_DEFINITIONS = (
					"DEBUG=1",
					"$(inherited)",
				);
				INFOPLIST_FILE = "QuickSortTests/QuickSortTests-Info.plist";
				PRODUCT_NAME = "$(TARGET_NAME)";
				TEST_HOST = "$(BUNDLE_LOADER)";
				WRAPPER_EXTENSION = xctest;
			};
			name = Debug;
		};
		C9BAD18F192BE803001EB54D /* Release */ = {
			isa = XCBuildConfiguration;
			buildSettings = {
				BUNDLE_LOADER = "$(BUILT_PRODUCTS_DIR)/QuickSort.app/QuickSort";
				FRAMEWORK_SEARCH_PATHS = (
					"$(SDKROOT)/Developer/Library/Frameworks",
					"$(inherited)",
					"$(DEVELOPER_FRAMEWORKS_DIR)",
				);
				GCC_PRECOMPILE_PREFIX_HEADER = YES;
				GCC_PREFIX_HEADER = "QuickSort/QuickSort-Prefix.pch";
				INFOPLIST_FILE = "QuickSortTests/QuickSortTests-Info.plist";
				PRODUCT_NAME = "$(TARGET_NAME)";
				TEST_HOST = "$(BUNDLE_LOADER)";
				WRAPPER_EXTENSION = xctest;
			};
			name = Release;
		};
/* End XCBuildConfiguration section */

/* Begin XCConfigurationList section */
		C9BAD153192BE802001EB54D /* Build configuration list for PBXProject "QuickSort" */ = {
			isa = XCConfigurationList;
			buildConfigurations = (
				C9BAD188192BE803001EB54D /* Debug */,
				C9BAD189192BE803001EB54D /* Release */,
			);
			defaultConfigurationIsVisible = 0;
			defaultConfigurationName = Release;
		};
		C9BAD18A192BE803001EB54D /* Build configuration list for PBXNativeTarget "QuickSort" */ = {
			isa = XCConfigurationList;
			buildConfigurations = (
				C9BAD18B192BE803001EB54D /* Debug */,
				C9BAD18C192BE803001EB54D /* Release */,
			);
			defaultConfigurationIsVisible = 0;
		};
		C9BAD18D192BE803001EB54D /* Build configuration list for PBXNativeTarget "QuickSortTests" */ = {
			isa = XCConfigurationList;
			buildConfigurations = (
				C9BAD18E192BE803001EB54D /* Debug */,
				C9BAD18F192BE803001EB54D /* Release */,
			);
			defaultConfigurationIsVisible = 0;
		};
/* End XCConfigurationList section */
	};
	rootObject = C9BAD150192BE802001EB54D /* Project object */;
}
